
Microsoft Visual Studio Solution File, Format Version 12.00
# Visual Studio Version 17
VisualStudioVersion = 17.0.31903.59
MinimumVisualStudioVersion = 10.0.40219.1
Project("{FAE04EC0-301F-11D3-BF4B-00C04F79EFBC}") = "HelloWorld", "HelloWorld\HelloWorld.csproj", "{0B5B46C9-A76D-4D91-A1DC-C48B9E9029E3}"
EndProject
Project("{FAE04EC0-301F-11D3-BF4B-00C04F79EFBC}") = "DataTypes", "DataTypes\DataTypes.csproj", "{0ECC6781-3D8B-4AB5-94DB-66117470693A}"
EndProject
Project("{9A19103F-16F7-4668-BE54-9A1E7A4F7556}") = "ConditionalStatements", "ConditionalStatements\ConditionalStatements.csproj", "{9FE19476-2536-4FC3-8DF8-DB5EB8939962}"
EndProject
Project("{FAE04EC0-301F-11D3-BF4B-00C04F79EFBC}") = "LoopStatements", "LoopStatements\LoopStatements.csproj", "{DD7327F2-CEB2-488F-8B86-E0DAF13BE2EB}"
EndProject
Project("{9A19103F-16F7-4668-BE54-9A1E7A4F7556}") = "Methods", "Methods\Methods.csproj", "{F1DDBE7B-24F1-47DE-A81B-4156CAD78CA3}"
EndProject
Project("{2150E333-8FDC-42A3-9474-1A3956D46DE8}") = "Solution Items", "Solution Items", "{F1A3CD6F-128A-440C-A9A5-6033B17080B6}"
	ProjectSection(SolutionItems) = preProject
		C:\Users\sreeh\Downloads\Net Core With Azure (1).pdf = C:\Users\sreeh\Downloads\Net Core With Azure (1).pdf
	EndProjectSection
EndProject
Project("{9A19103F-16F7-4668-BE54-9A1E7A4F7556}") = "RefAndOut", "RefAndOut\RefAndOut.csproj", "{FF6B3623-1628-45B8-8EA1-2EA6B15CF92E}"
EndProject
Project("{9A19103F-16F7-4668-BE54-9A1E7A4F7556}") = "TaxCalcualtor", "TaxCalcualtor\TaxCalcualtor.csproj", "{870EFFB8-6FFC-4452-9496-6C2425537421}"
EndProject
Project("{9A19103F-16F7-4668-BE54-9A1E7A4F7556}") = "Arrays", "Arrays\Arrays.csproj", "{38ACD5C7-9DA6-4483-9B55-9BCEB031361E}"
EndProject
Project("{9A19103F-16F7-4668-BE54-9A1E7A4F7556}") = "BoxingandUnboxing", "BoxingandUnboxing\BoxingandUnboxing.csproj", "{D1711129-ECED-4262-960D-A132DC2CE5B4}"
EndProject
Project("{9A19103F-16F7-4668-BE54-9A1E7A4F7556}") = "DataConversion", "DataConversion\DataConversion.csproj", "{9C2822EB-1BC3-4587-B042-130D8393CB96}"
EndProject
Project("{9A19103F-16F7-4668-BE54-9A1E7A4F7556}") = "StringData", "StringData\StringData.csproj", "{188296E2-A9B9-49D5-AD46-20A2EF49164B}"
EndProject
Project("{9A19103F-16F7-4668-BE54-9A1E7A4F7556}") = "NullableTypes", "NullableTypes\NullableTypes.csproj", "{335C24F5-9A5F-4E52-B4EA-35D67A902864}"
EndProject
Project("{9A19103F-16F7-4668-BE54-9A1E7A4F7556}") = "dynamicdatatype", "dynamicdatatype\dynamicdatatype.csproj", "{313A0B46-865A-491B-8372-C7C160FFF46C}"
EndProject
Project("{9A19103F-16F7-4668-BE54-9A1E7A4F7556}") = "DebugAndTrace", "DebugAndTrace\DebugAndTrace.csproj", "{49C9C1CD-DC0D-46DA-A4D8-1F508D8493BC}"
EndProject
Project("{9A19103F-16F7-4668-BE54-9A1E7A4F7556}") = "NugetUsage", "NugetUsage\NugetUsage.csproj", "{7F60BD1F-DDA1-4332-9260-A3CFC07CE8C8}"
EndProject
Project("{9A19103F-16F7-4668-BE54-9A1E7A4F7556}") = "MyCalculator", "MyCalculator\MyCalculator.csproj", "{FF7676AA-85D1-472A-88F2-08E30B5E190B}"
EndProject
Project("{9A19103F-16F7-4668-BE54-9A1E7A4F7556}") = "UseCalcualtor", "UseCalcualtor\UseCalcualtor.csproj", "{929F8609-ED2E-4420-9797-531CFD165465}"
EndProject
Project("{9A19103F-16F7-4668-BE54-9A1E7A4F7556}") = "RegularExpression", "RegularExpression\RegularExpression.csproj", "{59087A9B-CF15-42D1-8B93-7006A3E5EC3C}"
EndProject
Project("{2150E333-8FDC-42A3-9474-1A3956D46DE8}") = "Fundementals", "Fundementals", "{41C8BD46-E83E-4892-B0CB-9381544E6159}"
EndProject
Project("{2150E333-8FDC-42A3-9474-1A3956D46DE8}") = "OOPS", "OOPS", "{DCEEA303-14E3-4090-ACCF-77E986F358C4}"
EndProject
Project("{9A19103F-16F7-4668-BE54-9A1E7A4F7556}") = "ObjectBasics", "ObjectBasics\ObjectBasics.csproj", "{C167A86F-075C-4C4C-B55D-E229FAD1CE36}"
EndProject
Project("{9A19103F-16F7-4668-BE54-9A1E7A4F7556}") = "MyAwsomeLibrary", "MyAwsomeLibrary\MyAwsomeLibrary.csproj", "{E4C440A8-F151-4DA5-AA45-62850B10D66F}"
EndProject
Project("{9A19103F-16F7-4668-BE54-9A1E7A4F7556}") = "ClassMethods", "ClassMethods\ClassMethods.csproj", "{8166ABE2-4709-4D6D-8465-861324D099F5}"
EndProject
Project("{9A19103F-16F7-4668-BE54-9A1E7A4F7556}") = "Inheritance", "Inheritance\Inheritance.csproj", "{64F2D190-F264-4C4A-8D08-F143A909B314}"
EndProject
Project("{9A19103F-16F7-4668-BE54-9A1E7A4F7556}") = "Bank", "Bank\Bank.csproj", "{99A3F87C-6A79-473D-827A-BB748F427D0A}"
EndProject
Project("{FAE04EC0-301F-11D3-BF4B-00C04F79EFBC}") = "SataicClass", "SataicClass\SataicClass.csproj", "{CDB17304-3474-4D88-8A36-A7793C3CC658}"
EndProject
Project("{FAE04EC0-301F-11D3-BF4B-00C04F79EFBC}") = "Interfaces", "Interfaces\Interfaces.csproj", "{593BC3A3-D859-474A-9EF9-86D3038FBA66}"
EndProject
Global
	GlobalSection(SolutionConfigurationPlatforms) = preSolution
		Debug|Any CPU = Debug|Any CPU
		Release|Any CPU = Release|Any CPU
	EndGlobalSection
	GlobalSection(ProjectConfigurationPlatforms) = postSolution
		{0B5B46C9-A76D-4D91-A1DC-C48B9E9029E3}.Debug|Any CPU.ActiveCfg = Debug|Any CPU
		{0B5B46C9-A76D-4D91-A1DC-C48B9E9029E3}.Debug|Any CPU.Build.0 = Debug|Any CPU
		{0B5B46C9-A76D-4D91-A1DC-C48B9E9029E3}.Release|Any CPU.ActiveCfg = Release|Any CPU
		{0B5B46C9-A76D-4D91-A1DC-C48B9E9029E3}.Release|Any CPU.Build.0 = Release|Any CPU
		{0ECC6781-3D8B-4AB5-94DB-66117470693A}.Debug|Any CPU.ActiveCfg = Debug|Any CPU
		{0ECC6781-3D8B-4AB5-94DB-66117470693A}.Debug|Any CPU.Build.0 = Debug|Any CPU
		{0ECC6781-3D8B-4AB5-94DB-66117470693A}.Release|Any CPU.ActiveCfg = Release|Any CPU
		{0ECC6781-3D8B-4AB5-94DB-66117470693A}.Release|Any CPU.Build.0 = Release|Any CPU
		{9FE19476-2536-4FC3-8DF8-DB5EB8939962}.Debug|Any CPU.ActiveCfg = Debug|Any CPU
		{9FE19476-2536-4FC3-8DF8-DB5EB8939962}.Debug|Any CPU.Build.0 = Debug|Any CPU
		{9FE19476-2536-4FC3-8DF8-DB5EB8939962}.Release|Any CPU.ActiveCfg = Release|Any CPU
		{9FE19476-2536-4FC3-8DF8-DB5EB8939962}.Release|Any CPU.Build.0 = Release|Any CPU
		{DD7327F2-CEB2-488F-8B86-E0DAF13BE2EB}.Debug|Any CPU.ActiveCfg = Debug|Any CPU
		{DD7327F2-CEB2-488F-8B86-E0DAF13BE2EB}.Debug|Any CPU.Build.0 = Debug|Any CPU
		{DD7327F2-CEB2-488F-8B86-E0DAF13BE2EB}.Release|Any CPU.ActiveCfg = Release|Any CPU
		{DD7327F2-CEB2-488F-8B86-E0DAF13BE2EB}.Release|Any CPU.Build.0 = Release|Any CPU
		{F1DDBE7B-24F1-47DE-A81B-4156CAD78CA3}.Debug|Any CPU.ActiveCfg = Debug|Any CPU
		{F1DDBE7B-24F1-47DE-A81B-4156CAD78CA3}.Debug|Any CPU.Build.0 = Debug|Any CPU
		{F1DDBE7B-24F1-47DE-A81B-4156CAD78CA3}.Release|Any CPU.ActiveCfg = Release|Any CPU
		{F1DDBE7B-24F1-47DE-A81B-4156CAD78CA3}.Release|Any CPU.Build.0 = Release|Any CPU
		{FF6B3623-1628-45B8-8EA1-2EA6B15CF92E}.Debug|Any CPU.ActiveCfg = Debug|Any CPU
		{FF6B3623-1628-45B8-8EA1-2EA6B15CF92E}.Debug|Any CPU.Build.0 = Debug|Any CPU
		{FF6B3623-1628-45B8-8EA1-2EA6B15CF92E}.Release|Any CPU.ActiveCfg = Release|Any CPU
		{FF6B3623-1628-45B8-8EA1-2EA6B15CF92E}.Release|Any CPU.Build.0 = Release|Any CPU
		{870EFFB8-6FFC-4452-9496-6C2425537421}.Debug|Any CPU.ActiveCfg = Debug|Any CPU
		{870EFFB8-6FFC-4452-9496-6C2425537421}.Debug|Any CPU.Build.0 = Debug|Any CPU
		{870EFFB8-6FFC-4452-9496-6C2425537421}.Release|Any CPU.ActiveCfg = Release|Any CPU
		{870EFFB8-6FFC-4452-9496-6C2425537421}.Release|Any CPU.Build.0 = Release|Any CPU
		{38ACD5C7-9DA6-4483-9B55-9BCEB031361E}.Debug|Any CPU.ActiveCfg = Debug|Any CPU
		{38ACD5C7-9DA6-4483-9B55-9BCEB031361E}.Debug|Any CPU.Build.0 = Debug|Any CPU
		{38ACD5C7-9DA6-4483-9B55-9BCEB031361E}.Release|Any CPU.ActiveCfg = Release|Any CPU
		{38ACD5C7-9DA6-4483-9B55-9BCEB031361E}.Release|Any CPU.Build.0 = Release|Any CPU
		{D1711129-ECED-4262-960D-A132DC2CE5B4}.Debug|Any CPU.ActiveCfg = Debug|Any CPU
		{D1711129-ECED-4262-960D-A132DC2CE5B4}.Debug|Any CPU.Build.0 = Debug|Any CPU
		{D1711129-ECED-4262-960D-A132DC2CE5B4}.Release|Any CPU.ActiveCfg = Release|Any CPU
		{D1711129-ECED-4262-960D-A132DC2CE5B4}.Release|Any CPU.Build.0 = Release|Any CPU
		{9C2822EB-1BC3-4587-B042-130D8393CB96}.Debug|Any CPU.ActiveCfg = Debug|Any CPU
		{9C2822EB-1BC3-4587-B042-130D8393CB96}.Debug|Any CPU.Build.0 = Debug|Any CPU
		{9C2822EB-1BC3-4587-B042-130D8393CB96}.Release|Any CPU.ActiveCfg = Release|Any CPU
		{9C2822EB-1BC3-4587-B042-130D8393CB96}.Release|Any CPU.Build.0 = Release|Any CPU
		{188296E2-A9B9-49D5-AD46-20A2EF49164B}.Debug|Any CPU.ActiveCfg = Debug|Any CPU
		{188296E2-A9B9-49D5-AD46-20A2EF49164B}.Debug|Any CPU.Build.0 = Debug|Any CPU
		{188296E2-A9B9-49D5-AD46-20A2EF49164B}.Release|Any CPU.ActiveCfg = Release|Any CPU
		{188296E2-A9B9-49D5-AD46-20A2EF49164B}.Release|Any CPU.Build.0 = Release|Any CPU
		{335C24F5-9A5F-4E52-B4EA-35D67A902864}.Debug|Any CPU.ActiveCfg = Debug|Any CPU
		{335C24F5-9A5F-4E52-B4EA-35D67A902864}.Debug|Any CPU.Build.0 = Debug|Any CPU
		{335C24F5-9A5F-4E52-B4EA-35D67A902864}.Release|Any CPU.ActiveCfg = Release|Any CPU
		{335C24F5-9A5F-4E52-B4EA-35D67A902864}.Release|Any CPU.Build.0 = Release|Any CPU
		{313A0B46-865A-491B-8372-C7C160FFF46C}.Debug|Any CPU.ActiveCfg = Debug|Any CPU
		{313A0B46-865A-491B-8372-C7C160FFF46C}.Debug|Any CPU.Build.0 = Debug|Any CPU
		{313A0B46-865A-491B-8372-C7C160FFF46C}.Release|Any CPU.ActiveCfg = Release|Any CPU
		{313A0B46-865A-491B-8372-C7C160FFF46C}.Release|Any CPU.Build.0 = Release|Any CPU
		{49C9C1CD-DC0D-46DA-A4D8-1F508D8493BC}.Debug|Any CPU.ActiveCfg = Debug|Any CPU
		{49C9C1CD-DC0D-46DA-A4D8-1F508D8493BC}.Debug|Any CPU.Build.0 = Debug|Any CPU
		{49C9C1CD-DC0D-46DA-A4D8-1F508D8493BC}.Release|Any CPU.ActiveCfg = Release|Any CPU
		{49C9C1CD-DC0D-46DA-A4D8-1F508D8493BC}.Release|Any CPU.Build.0 = Release|Any CPU
		{7F60BD1F-DDA1-4332-9260-A3CFC07CE8C8}.Debug|Any CPU.ActiveCfg = Debug|Any CPU
		{7F60BD1F-DDA1-4332-9260-A3CFC07CE8C8}.Debug|Any CPU.Build.0 = Debug|Any CPU
		{7F60BD1F-DDA1-4332-9260-A3CFC07CE8C8}.Release|Any CPU.ActiveCfg = Release|Any CPU
		{7F60BD1F-DDA1-4332-9260-A3CFC07CE8C8}.Release|Any CPU.Build.0 = Release|Any CPU
		{FF7676AA-85D1-472A-88F2-08E30B5E190B}.Debug|Any CPU.ActiveCfg = Debug|Any CPU
		{FF7676AA-85D1-472A-88F2-08E30B5E190B}.Debug|Any CPU.Build.0 = Debug|Any CPU
		{FF7676AA-85D1-472A-88F2-08E30B5E190B}.Release|Any CPU.ActiveCfg = Release|Any CPU
		{FF7676AA-85D1-472A-88F2-08E30B5E190B}.Release|Any CPU.Build.0 = Release|Any CPU
		{929F8609-ED2E-4420-9797-531CFD165465}.Debug|Any CPU.ActiveCfg = Debug|Any CPU
		{929F8609-ED2E-4420-9797-531CFD165465}.Debug|Any CPU.Build.0 = Debug|Any CPU
		{929F8609-ED2E-4420-9797-531CFD165465}.Release|Any CPU.ActiveCfg = Release|Any CPU
		{929F8609-ED2E-4420-9797-531CFD165465}.Release|Any CPU.Build.0 = Release|Any CPU
		{59087A9B-CF15-42D1-8B93-7006A3E5EC3C}.Debug|Any CPU.ActiveCfg = Debug|Any CPU
		{59087A9B-CF15-42D1-8B93-7006A3E5EC3C}.Debug|Any CPU.Build.0 = Debug|Any CPU
		{59087A9B-CF15-42D1-8B93-7006A3E5EC3C}.Release|Any CPU.ActiveCfg = Release|Any CPU
		{59087A9B-CF15-42D1-8B93-7006A3E5EC3C}.Release|Any CPU.Build.0 = Release|Any CPU
		{C167A86F-075C-4C4C-B55D-E229FAD1CE36}.Debug|Any CPU.ActiveCfg = Debug|Any CPU
		{C167A86F-075C-4C4C-B55D-E229FAD1CE36}.Debug|Any CPU.Build.0 = Debug|Any CPU
		{C167A86F-075C-4C4C-B55D-E229FAD1CE36}.Release|Any CPU.ActiveCfg = Release|Any CPU
		{C167A86F-075C-4C4C-B55D-E229FAD1CE36}.Release|Any CPU.Build.0 = Release|Any CPU
		{E4C440A8-F151-4DA5-AA45-62850B10D66F}.Debug|Any CPU.ActiveCfg = Debug|Any CPU
		{E4C440A8-F151-4DA5-AA45-62850B10D66F}.Debug|Any CPU.Build.0 = Debug|Any CPU
		{E4C440A8-F151-4DA5-AA45-62850B10D66F}.Release|Any CPU.ActiveCfg = Release|Any CPU
		{E4C440A8-F151-4DA5-AA45-62850B10D66F}.Release|Any CPU.Build.0 = Release|Any CPU
		{8166ABE2-4709-4D6D-8465-861324D099F5}.Debug|Any CPU.ActiveCfg = Debug|Any CPU
		{8166ABE2-4709-4D6D-8465-861324D099F5}.Debug|Any CPU.Build.0 = Debug|Any CPU
		{8166ABE2-4709-4D6D-8465-861324D099F5}.Release|Any CPU.ActiveCfg = Release|Any CPU
		{8166ABE2-4709-4D6D-8465-861324D099F5}.Release|Any CPU.Build.0 = Release|Any CPU
		{64F2D190-F264-4C4A-8D08-F143A909B314}.Debug|Any CPU.ActiveCfg = Debug|Any CPU
		{64F2D190-F264-4C4A-8D08-F143A909B314}.Debug|Any CPU.Build.0 = Debug|Any CPU
		{64F2D190-F264-4C4A-8D08-F143A909B314}.Release|Any CPU.ActiveCfg = Release|Any CPU
		{64F2D190-F264-4C4A-8D08-F143A909B314}.Release|Any CPU.Build.0 = Release|Any CPU
		{99A3F87C-6A79-473D-827A-BB748F427D0A}.Debug|Any CPU.ActiveCfg = Debug|Any CPU
		{99A3F87C-6A79-473D-827A-BB748F427D0A}.Debug|Any CPU.Build.0 = Debug|Any CPU
		{99A3F87C-6A79-473D-827A-BB748F427D0A}.Release|Any CPU.ActiveCfg = Release|Any CPU
		{99A3F87C-6A79-473D-827A-BB748F427D0A}.Release|Any CPU.Build.0 = Release|Any CPU
		{CDB17304-3474-4D88-8A36-A7793C3CC658}.Debug|Any CPU.ActiveCfg = Debug|Any CPU
		{CDB17304-3474-4D88-8A36-A7793C3CC658}.Debug|Any CPU.Build.0 = Debug|Any CPU
		{CDB17304-3474-4D88-8A36-A7793C3CC658}.Release|Any CPU.ActiveCfg = Release|Any CPU
		{CDB17304-3474-4D88-8A36-A7793C3CC658}.Release|Any CPU.Build.0 = Release|Any CPU
		{593BC3A3-D859-474A-9EF9-86D3038FBA66}.Debug|Any CPU.ActiveCfg = Debug|Any CPU
		{593BC3A3-D859-474A-9EF9-86D3038FBA66}.Debug|Any CPU.Build.0 = Debug|Any CPU
		{593BC3A3-D859-474A-9EF9-86D3038FBA66}.Release|Any CPU.ActiveCfg = Release|Any CPU
		{593BC3A3-D859-474A-9EF9-86D3038FBA66}.Release|Any CPU.Build.0 = Release|Any CPU
	EndGlobalSection
	GlobalSection(SolutionProperties) = preSolution
		HideSolutionNode = FALSE
	EndGlobalSection
	GlobalSection(NestedProjects) = preSolution
		{0B5B46C9-A76D-4D91-A1DC-C48B9E9029E3} = {41C8BD46-E83E-4892-B0CB-9381544E6159}
		{0ECC6781-3D8B-4AB5-94DB-66117470693A} = {41C8BD46-E83E-4892-B0CB-9381544E6159}
		{9FE19476-2536-4FC3-8DF8-DB5EB8939962} = {41C8BD46-E83E-4892-B0CB-9381544E6159}
		{DD7327F2-CEB2-488F-8B86-E0DAF13BE2EB} = {41C8BD46-E83E-4892-B0CB-9381544E6159}
		{F1DDBE7B-24F1-47DE-A81B-4156CAD78CA3} = {41C8BD46-E83E-4892-B0CB-9381544E6159}
		{FF6B3623-1628-45B8-8EA1-2EA6B15CF92E} = {41C8BD46-E83E-4892-B0CB-9381544E6159}
		{870EFFB8-6FFC-4452-9496-6C2425537421} = {41C8BD46-E83E-4892-B0CB-9381544E6159}
		{38ACD5C7-9DA6-4483-9B55-9BCEB031361E} = {41C8BD46-E83E-4892-B0CB-9381544E6159}
		{D1711129-ECED-4262-960D-A132DC2CE5B4} = {41C8BD46-E83E-4892-B0CB-9381544E6159}
		{9C2822EB-1BC3-4587-B042-130D8393CB96} = {41C8BD46-E83E-4892-B0CB-9381544E6159}
		{188296E2-A9B9-49D5-AD46-20A2EF49164B} = {41C8BD46-E83E-4892-B0CB-9381544E6159}
		{335C24F5-9A5F-4E52-B4EA-35D67A902864} = {41C8BD46-E83E-4892-B0CB-9381544E6159}
		{313A0B46-865A-491B-8372-C7C160FFF46C} = {41C8BD46-E83E-4892-B0CB-9381544E6159}
		{49C9C1CD-DC0D-46DA-A4D8-1F508D8493BC} = {41C8BD46-E83E-4892-B0CB-9381544E6159}
		{7F60BD1F-DDA1-4332-9260-A3CFC07CE8C8} = {41C8BD46-E83E-4892-B0CB-9381544E6159}
		{FF7676AA-85D1-472A-88F2-08E30B5E190B} = {41C8BD46-E83E-4892-B0CB-9381544E6159}
		{929F8609-ED2E-4420-9797-531CFD165465} = {41C8BD46-E83E-4892-B0CB-9381544E6159}
		{59087A9B-CF15-42D1-8B93-7006A3E5EC3C} = {41C8BD46-E83E-4892-B0CB-9381544E6159}
		{C167A86F-075C-4C4C-B55D-E229FAD1CE36} = {DCEEA303-14E3-4090-ACCF-77E986F358C4}
		{E4C440A8-F151-4DA5-AA45-62850B10D66F} = {DCEEA303-14E3-4090-ACCF-77E986F358C4}
		{8166ABE2-4709-4D6D-8465-861324D099F5} = {DCEEA303-14E3-4090-ACCF-77E986F358C4}
		{64F2D190-F264-4C4A-8D08-F143A909B314} = {DCEEA303-14E3-4090-ACCF-77E986F358C4}
		{99A3F87C-6A79-473D-827A-BB748F427D0A} = {DCEEA303-14E3-4090-ACCF-77E986F358C4}
		{CDB17304-3474-4D88-8A36-A7793C3CC658} = {DCEEA303-14E3-4090-ACCF-77E986F358C4}
		{593BC3A3-D859-474A-9EF9-86D3038FBA66} = {DCEEA303-14E3-4090-ACCF-77E986F358C4}
	EndGlobalSection
	GlobalSection(ExtensibilityGlobals) = postSolution
		SolutionGuid = {D00B7D85-0754-4ECC-9C9D-C02CC33365D9}
	EndGlobalSection
EndGlobal
